# This file is automatically @generated by Cargo.
# It is not intended for manual editing.
version = 3

[[package]]
name = "forth"
version = "0.1.0"
dependencies = [
 "riscv_isa_types",
]

[[package]]
name = "forth-repl"
version = "0.1.0"
dependencies = [
 "register-interface",
 "spin",
]

[[package]]
name = "macros"
version = "0.1.0"
source = "git+https://github.com/Istar-Eldritch/riscv-emu#283ac03247a62318e654e5d5a1f6bde2fe1d2081"
dependencies = [
 "proc-macro2",
 "quote",
 "syn",
]

[[package]]
name = "portable-atomic"
version = "0.3.15"
source = "registry+https://github.com/rust-lang/crates.io-index"
checksum = "15eb2c6e362923af47e13c23ca5afb859e83d54452c55b0b9ac763b8f7c1ac16"

[[package]]
name = "proc-macro2"
version = "1.0.47"
source = "registry+https://github.com/rust-lang/crates.io-index"
checksum = "5ea3d908b0e36316caf9e9e2c4625cdde190a7e6f440d794667ed17a1855e725"
dependencies = [
 "unicode-ident",
]

[[package]]
name = "quote"
version = "1.0.21"
source = "registry+https://github.com/rust-lang/crates.io-index"
checksum = "bbe448f377a7d6961e30f5955f9b8d106c3f5e449d493ee1b125c1d43c2b5179"
dependencies = [
 "proc-macro2",
]

[[package]]
name = "register-interface"
version = "0.1.0"
dependencies = [
 "proc-macro2",
 "quote",
 "syn",
]

[[package]]
name = "riscv_isa_types"
version = "0.1.0"
source = "git+https://github.com/Istar-Eldritch/riscv-emu#283ac03247a62318e654e5d5a1f6bde2fe1d2081"
dependencies = [
 "macros",
]

[[package]]
name = "spin"
version = "0.9.4"
source = "registry+https://github.com/rust-lang/crates.io-index"
checksum = "7f6002a767bff9e83f8eeecf883ecb8011875a21ae8da43bffb817a57e78cc09"
dependencies = [
 "portable-atomic",
]

[[package]]
name = "syn"
version = "1.0.105"
source = "registry+https://github.com/rust-lang/crates.io-index"
checksum = "60b9b43d45702de4c839cb9b51d9f529c5dd26a4aff255b42b1ebc03e88ee908"
dependencies = [
 "proc-macro2",
 "quote",
 "unicode-ident",
]

[[package]]
name = "unicode-ident"
version = "1.0.5"
source = "registry+https://github.com/rust-lang/crates.io-index"
checksum = "6ceab39d59e4c9499d4e5a8ee0e2735b891bb7308ac83dfb4e80cad195c9f6f3"
